
Microsoft Visual Studio Solution File, Format Version 12.00
# Visual Studio Version 17
VisualStudioVersion = 17.3.32825.248
MinimumVisualStudioVersion = 10.0.40219.1
Project("{FAE04EC0-301F-11D3-BF4B-00C04F79EFBC}") = "UpdateU7", "UpdateU7\UpdateU7.csproj", "{B1B0EA55-1F66-48D7-B89B-D9F1EC6DAC59}"
EndProject
Project("{FAE04EC0-301F-11D3-BF4B-00C04F79EFBC}") = "UpdateV8", "UpdateV8\UpdateV8.csproj", "{BC05AB4F-C7B6-4FEA-B7BA-8880F18E168E}"
EndProject
Project("{FAE04EC0-301F-11D3-BF4B-00C04F79EFBC}") = "UpdateV9", "UpdateV9\UpdateV9.csproj", "{43252B2C-3F90-4967-8896-F65F4F2D80F6}"
EndProject
Global
	GlobalSection(SolutionConfigurationPlatforms) = preSolution
		Debug|Any CPU = Debug|Any CPU
		Release|Any CPU = Release|Any CPU
	EndGlobalSection
	GlobalSection(ProjectConfigurationPlatforms) = postSolution
		{B1B0EA55-1F66-48D7-B89B-D9F1EC6DAC59}.Debug|Any CPU.ActiveCfg = Debug|Any CPU
		{B1B0EA55-1F66-48D7-B89B-D9F1EC6DAC59}.Debug|Any CPU.Build.0 = Debug|Any CPU
		{B1B0EA55-1F66-48D7-B89B-D9F1EC6DAC59}.Release|Any CPU.ActiveCfg = Release|Any CPU
		{B1B0EA55-1F66-48D7-B89B-D9F1EC6DAC59}.Release|Any CPU.Build.0 = Release|Any CPU
		{BC05AB4F-C7B6-4FEA-B7BA-8880F18E168E}.Debug|Any CPU.ActiveCfg = Debug|Any CPU
		{BC05AB4F-C7B6-4FEA-B7BA-8880F18E168E}.Debug|Any CPU.Build.0 = Debug|Any CPU
		{BC05AB4F-C7B6-4FEA-B7BA-8880F18E168E}.Release|Any CPU.ActiveCfg = Release|Any CPU
		{BC05AB4F-C7B6-4FEA-B7BA-8880F18E168E}.Release|Any CPU.Build.0 = Release|Any CPU
		{43252B2C-3F90-4967-8896-F65F4F2D80F6}.Debug|Any CPU.ActiveCfg = Debug|Any CPU
		{43252B2C-3F90-4967-8896-F65F4F2D80F6}.Debug|Any CPU.Build.0 = Debug|Any CPU
		{43252B2C-3F90-4967-8896-F65F4F2D80F6}.Release|Any CPU.ActiveCfg = Release|Any CPU
		{43252B2C-3F90-4967-8896-F65F4F2D80F6}.Release|Any CPU.Build.0 = Release|Any CPU
	EndGlobalSection
	GlobalSection(SolutionProperties) = preSolution
		HideSolutionNode = FALSE
	EndGlobalSection
	GlobalSection(ExtensibilityGlobals) = postSolution
		SolutionGuid = {EFBBD1A6-3146-4070-BDC1-EF6A84DE0082}
	EndGlobalSection
EndGlobal
